
Microsoft Visual Studio Solution File, Format Version 12.00
# Visual Studio Version 16
VisualStudioVersion = 16.0.30002.166
MinimumVisualStudioVersion = 10.0.40219.1
Project("{9A19103F-16F7-4668-BE54-9A1E7A4F7556}") = "EClient", "..\EClient\EClient.csproj", "{468B06F4-27A9-4BE5-820A-64FAAC7BF315}"
EndProject
Project("{9A19103F-16F7-4668-BE54-9A1E7A4F7556}") = "EServer", "EServer.csproj", "{DA44E1B4-174E-4979-A5A3-73AA69BF68E7}"
EndProject
Global
	GlobalSection(SolutionConfigurationPlatforms) = preSolution
		Debug|Any CPU = Debug|Any CPU
		Release|Any CPU = Release|Any CPU
	EndGlobalSection
	GlobalSection(ProjectConfigurationPlatforms) = postSolution
		{468B06F4-27A9-4BE5-820A-64FAAC7BF315}.Debug|Any CPU.ActiveCfg = Debug|Any CPU
		{468B06F4-27A9-4BE5-820A-64FAAC7BF315}.Debug|Any CPU.Build.0 = Debug|Any CPU
		{468B06F4-27A9-4BE5-820A-64FAAC7BF315}.Release|Any CPU.ActiveCfg = Release|Any CPU
		{468B06F4-27A9-4BE5-820A-64FAAC7BF315}.Release|Any CPU.Build.0 = Release|Any CPU
		{DA44E1B4-174E-4979-A5A3-73AA69BF68E7}.Debug|Any CPU.ActiveCfg = Debug|Any CPU
		{DA44E1B4-174E-4979-A5A3-73AA69BF68E7}.Debug|Any CPU.Build.0 = Debug|Any CPU
		{DA44E1B4-174E-4979-A5A3-73AA69BF68E7}.Release|Any CPU.ActiveCfg = Release|Any CPU
		{DA44E1B4-174E-4979-A5A3-73AA69BF68E7}.Release|Any CPU.Build.0 = Release|Any CPU
	EndGlobalSection
	GlobalSection(SolutionProperties) = preSolution
		HideSolutionNode = FALSE
	EndGlobalSection
	GlobalSection(ExtensibilityGlobals) = postSolution
		SolutionGuid = {8FCC50C1-F21E-4939-BF50-6D488DD9290B}
	EndGlobalSection
EndGlobal
